
Microsoft Visual Studio Solution File, Format Version 12.00
# Visual Studio Version 17
VisualStudioVersion = 17.9.34310.174
MinimumVisualStudioVersion = 10.0.40219.1
Project("{9A19103F-16F7-4668-BE54-9A1E7A4F7556}") = "DTOql", "DTOql\DTOql.csproj", "{BC709671-F203-45C7-9005-C477575CB7C1}"
EndProject
Project("{FAE04EC0-301F-11D3-BF4B-00C04F79EFBC}") = "Demo", "Demo\Demo.csproj", "{3CF0936A-9EAF-42A4-8C46-340D2A725EDF}"
EndProject
Global
	GlobalSection(SolutionConfigurationPlatforms) = preSolution
		Debug|Any CPU = Debug|Any CPU
		Release|Any CPU = Release|Any CPU
	EndGlobalSection
	GlobalSection(ProjectConfigurationPlatforms) = postSolution
		{BC709671-F203-45C7-9005-C477575CB7C1}.Debug|Any CPU.ActiveCfg = Debug|Any CPU
		{BC709671-F203-45C7-9005-C477575CB7C1}.Debug|Any CPU.Build.0 = Debug|Any CPU
		{BC709671-F203-45C7-9005-C477575CB7C1}.Release|Any CPU.ActiveCfg = Release|Any CPU
		{BC709671-F203-45C7-9005-C477575CB7C1}.Release|Any CPU.Build.0 = Release|Any CPU
		{3CF0936A-9EAF-42A4-8C46-340D2A725EDF}.Debug|Any CPU.ActiveCfg = Debug|Any CPU
		{3CF0936A-9EAF-42A4-8C46-340D2A725EDF}.Debug|Any CPU.Build.0 = Debug|Any CPU
		{3CF0936A-9EAF-42A4-8C46-340D2A725EDF}.Release|Any CPU.ActiveCfg = Release|Any CPU
		{3CF0936A-9EAF-42A4-8C46-340D2A725EDF}.Release|Any CPU.Build.0 = Release|Any CPU
	EndGlobalSection
	GlobalSection(SolutionProperties) = preSolution
		HideSolutionNode = FALSE
	EndGlobalSection
	GlobalSection(ExtensibilityGlobals) = postSolution
		SolutionGuid = {0AADFE91-3EE4-4475-B550-1D91F0E910E2}
	EndGlobalSection
EndGlobal
